
Microsoft Visual Studio Solution File, Format Version 12.00
# Visual Studio 15
VisualStudioVersion = 15.0.27130.2010
MinimumVisualStudioVersion = 10.0.40219.1
Project("{FAE04EC0-301F-11D3-BF4B-00C04F79EFBC}") = "Comilio.Examples.GetSmsStatus", "examples\Comilio.Examples.GetSmsStatus\Comilio.Examples.GetSmsStatus.csproj", "{98C99675-781C-4263-A298-A6741D9AFD25}"
EndProject
Project("{FAE04EC0-301F-11D3-BF4B-00C04F79EFBC}") = "Comilio.Examples.SendSms", "examples\Comilio.Examples.SendSms\Comilio.Examples.SendSms.csproj", "{517A4AD2-BE90-42E6-AC86-F8C0B9E4214E}"
EndProject
Global
	GlobalSection(SolutionConfigurationPlatforms) = preSolution
		Debug|Any CPU = Debug|Any CPU
		Release|Any CPU = Release|Any CPU
	EndGlobalSection
	GlobalSection(ProjectConfigurationPlatforms) = postSolution
		{98C99675-781C-4263-A298-A6741D9AFD25}.Debug|Any CPU.ActiveCfg = Debug|Any CPU
		{98C99675-781C-4263-A298-A6741D9AFD25}.Debug|Any CPU.Build.0 = Debug|Any CPU
		{98C99675-781C-4263-A298-A6741D9AFD25}.Release|Any CPU.ActiveCfg = Release|Any CPU
		{98C99675-781C-4263-A298-A6741D9AFD25}.Release|Any CPU.Build.0 = Release|Any CPU
		{517A4AD2-BE90-42E6-AC86-F8C0B9E4214E}.Debug|Any CPU.ActiveCfg = Debug|Any CPU
		{517A4AD2-BE90-42E6-AC86-F8C0B9E4214E}.Debug|Any CPU.Build.0 = Debug|Any CPU
		{517A4AD2-BE90-42E6-AC86-F8C0B9E4214E}.Release|Any CPU.ActiveCfg = Release|Any CPU
		{517A4AD2-BE90-42E6-AC86-F8C0B9E4214E}.Release|Any CPU.Build.0 = Release|Any CPU
	EndGlobalSection
	GlobalSection(SolutionProperties) = preSolution
		HideSolutionNode = FALSE
	EndGlobalSection
	GlobalSection(ExtensibilityGlobals) = postSolution
		SolutionGuid = {0F0D089A-0E34-4455-AE4C-0D456E823497}
	EndGlobalSection
EndGlobal
